// !$*UTF8*$!
{
	archiveVersion = 1;
	classes = {
	};
	objectVersion = 46;
	objects = {

/* Begin PBXBuildFile section */
		8E4CF69A1C96DE6E008C68C9 /* main.m in Sources */ = {isa = PBXBuildFile; fileRef = 8E4CF6991C96DE6E008C68C9 /* main.m */; };
		8E4CF69D1C96DE6E008C68C9 /* AppDelegate.m in Sources */ = {isa = PBXBuildFile; fileRef = 8E4CF69C1C96DE6E008C68C9 /* AppDelegate.m */; };
		8E4CF6A31C96DE6E008C68C9 /* Main.storyboard in Resources */ = {isa = PBXBuildFile; fileRef = 8E4CF6A11C96DE6E008C68C9 /* Main.storyboard */; };
		8E4CF6A51C96DE6E008C68C9 /* Assets.xcassets in Resources */ = {isa = PBXBuildFile; fileRef = 8E4CF6A41C96DE6E008C68C9 /* Assets.xcassets */; };
		8E4CF6A81C96DE6E008C68C9 /* LaunchScreen.storyboard in Resources */ = {isa = PBXBuildFile; fileRef = 8E4CF6A61C96DE6E008C68C9 /* LaunchScreen.storyboard */; };
		8E6CFA011CA946D50073CD65 /* PlistDataSource.m in Sources */ = {isa = PBXBuildFile; fileRef = 8E6CFA001CA946D50073CD65 /* PlistDataSource.m */; };
		8E8E67B31C96E62C000B04A8 /* PiscinasViewController.m in Sources */ = {isa = PBXBuildFile; fileRef = 8E8E67B21C96E62C000B04A8 /* PiscinasViewController.m */; };
		8EC2830B1C96E8F4006A242D /* MedicionesViewController.m in Sources */ = {isa = PBXBuildFile; fileRef = 8EC2830A1C96E8F4006A242D /* MedicionesViewController.m */; };
		8EDDF4141C96EA55008D05FA /* Piscina.m in Sources */ = {isa = PBXBuildFile; fileRef = 8EDDF4131C96EA55008D05FA /* Piscina.m */; };
		8EDDF4171C96EB13008D05FA /* Medicion.m in Sources */ = {isa = PBXBuildFile; fileRef = 8EDDF4161C96EB13008D05FA /* Medicion.m */; };
		8EDDF41A1C96EB8B008D05FA /* ParametrosMedicion.m in Sources */ = {isa = PBXBuildFile; fileRef = 8EDDF4191C96EB8B008D05FA /* ParametrosMedicion.m */; };
		8EEE137E1C96F47700994840 /* LocalMemoryDataSource.m in Sources */ = {isa = PBXBuildFile; fileRef = 8EEE137D1C96F47700994840 /* LocalMemoryDataSource.m */; };
		8EF3C0AD1CBD6B87007A23D8 /* ParametrosMedicionViewController.m in Sources */ = {isa = PBXBuildFile; fileRef = 8EF3C0AC1CBD6B87007A23D8 /* ParametrosMedicionViewController.m */; };
		8EFD34CF1C9ADB3000DEC0E4 /* Repository.m in Sources */ = {isa = PBXBuildFile; fileRef = 8EFD34CE1C9ADB3000DEC0E4 /* Repository.m */; };
/* End PBXBuildFile section */

/* Begin PBXFileReference section */
		8E4CF6951C96DE6E008C68C9 /* GestionPiscinas.app */ = {isa = PBXFileReference; explicitFileType = wrapper.application; includeInIndex = 0; path = GestionPiscinas.app; sourceTree = BUILT_PRODUCTS_DIR; };
		8E4CF6991C96DE6E008C68C9 /* main.m */ = {isa = PBXFileReference; lastKnownFileType = sourcecode.c.objc; path = main.m; sourceTree = "<group>"; };
		8E4CF69B1C96DE6E008C68C9 /* AppDelegate.h */ = {isa = PBXFileReference; lastKnownFileType = sourcecode.c.h; path = AppDelegate.h; sourceTree = "<group>"; };
		8E4CF69C1C96DE6E008C68C9 /* AppDelegate.m */ = {isa = PBXFileReference; lastKnownFileType = sourcecode.c.objc; path = AppDelegate.m; sourceTree = "<group>"; };
		8E4CF6A21C96DE6E008C68C9 /* Base */ = {isa = PBXFileReference; lastKnownFileType = file.storyboard; name = Base; path = Base.lproj/Main.storyboard; sourceTree = "<group>"; };
		8E4CF6A41C96DE6E008C68C9 /* Assets.xcassets */ = {isa = PBXFileReference; lastKnownFileType = folder.assetcatalog; path = Assets.xcassets; sourceTree = "<group>"; };
		8E4CF6A71C96DE6E008C68C9 /* Base */ = {isa = PBXFileReference; lastKnownFileType = file.storyboard; name = Base; path = Base.lproj/LaunchScreen.storyboard; sourceTree = "<group>"; };
		8E4CF6A91C96DE6E008C68C9 /* Info.plist */ = {isa = PBXFileReference; lastKnownFileType = text.plist.xml; path = Info.plist; sourceTree = "<group>"; };
		8E5229451C96F2AB006C8B4D /* DataSource.h */ = {isa = PBXFileReference; fileEncoding = 4; lastKnownFileType = sourcecode.c.h; path = DataSource.h; sourceTree = "<group>"; };
		8E6CF9FF1CA946D50073CD65 /* PlistDataSource.h */ = {isa = PBXFileReference; fileEncoding = 4; lastKnownFileType = sourcecode.c.h; path = PlistDataSource.h; sourceTree = "<group>"; };
		8E6CFA001CA946D50073CD65 /* PlistDataSource.m */ = {isa = PBXFileReference; fileEncoding = 4; lastKnownFileType = sourcecode.c.objc; path = PlistDataSource.m; sourceTree = "<group>"; };
		8E8E67B11C96E62C000B04A8 /* PiscinasViewController.h */ = {isa = PBXFileReference; fileEncoding = 4; lastKnownFileType = sourcecode.c.h; path = PiscinasViewController.h; sourceTree = "<group>"; };
		8E8E67B21C96E62C000B04A8 /* PiscinasViewController.m */ = {isa = PBXFileReference; fileEncoding = 4; lastKnownFileType = sourcecode.c.objc; path = PiscinasViewController.m; sourceTree = "<group>"; };
		8EC283091C96E8F4006A242D /* MedicionesViewController.h */ = {isa = PBXFileReference; fileEncoding = 4; lastKnownFileType = sourcecode.c.h; path = MedicionesViewController.h; sourceTree = "<group>"; };
		8EC2830A1C96E8F4006A242D /* MedicionesViewController.m */ = {isa = PBXFileReference; fileEncoding = 4; lastKnownFileType = sourcecode.c.objc; path = MedicionesViewController.m; sourceTree = "<group>"; };
		8EDDF4121C96EA55008D05FA /* Piscina.h */ = {isa = PBXFileReference; fileEncoding = 4; lastKnownFileType = sourcecode.c.h; path = Piscina.h; sourceTree = "<group>"; };
		8EDDF4131C96EA55008D05FA /* Piscina.m */ = {isa = PBXFileReference; fileEncoding = 4; lastKnownFileType = sourcecode.c.objc; path = Piscina.m; sourceTree = "<group>"; };
		8EDDF4151C96EB13008D05FA /* Medicion.h */ = {isa = PBXFileReference; fileEncoding = 4; lastKnownFileType = sourcecode.c.h; path = Medicion.h; sourceTree = "<group>"; };
		8EDDF4161C96EB13008D05FA /* Medicion.m */ = {isa = PBXFileReference; fileEncoding = 4; lastKnownFileType = sourcecode.c.objc; path = Medicion.m; sourceTree = "<group>"; };
		8EDDF4181C96EB8B008D05FA /* ParametrosMedicion.h */ = {isa = PBXFileReference; fileEncoding = 4; lastKnownFileType = sourcecode.c.h; path = ParametrosMedicion.h; sourceTree = "<group>"; };
		8EDDF4191C96EB8B008D05FA /* ParametrosMedicion.m */ = {isa = PBXFileReference; fileEncoding = 4; lastKnownFileType = sourcecode.c.objc; path = ParametrosMedicion.m; sourceTree = "<group>"; };
		8EEE137C1C96F47700994840 /* LocalMemoryDataSource.h */ = {isa = PBXFileReference; fileEncoding = 4; lastKnownFileType = sourcecode.c.h; path = LocalMemoryDataSource.h; sourceTree = "<group>"; };
		8EEE137D1C96F47700994840 /* LocalMemoryDataSource.m */ = {isa = PBXFileReference; fileEncoding = 4; lastKnownFileType = sourcecode.c.objc; path = LocalMemoryDataSource.m; sourceTree = "<group>"; };
		8EF3C0AB1CBD6B87007A23D8 /* ParametrosMedicionViewController.h */ = {isa = PBXFileReference; fileEncoding = 4; lastKnownFileType = sourcecode.c.h; path = ParametrosMedicionViewController.h; sourceTree = "<group>"; };
		8EF3C0AC1CBD6B87007A23D8 /* ParametrosMedicionViewController.m */ = {isa = PBXFileReference; fileEncoding = 4; lastKnownFileType = sourcecode.c.objc; path = ParametrosMedicionViewController.m; sourceTree = "<group>"; };
		8EFD34CD1C9ADB3000DEC0E4 /* Repository.h */ = {isa = PBXFileReference; fileEncoding = 4; lastKnownFileType = sourcecode.c.h; path = Repository.h; sourceTree = "<group>"; };
		8EFD34CE1C9ADB3000DEC0E4 /* Repository.m */ = {isa = PBXFileReference; fileEncoding = 4; lastKnownFileType = sourcecode.c.objc; path = Repository.m; sourceTree = "<group>"; };
/* End PBXFileReference section */

/* Begin PBXFrameworksBuildPhase section */
		8E4CF6921C96DE6E008C68C9 /* Frameworks */ = {
			isa = PBXFrameworksBuildPhase;
			buildActionMask = 2147483647;
			files = (
			);
			runOnlyForDeploymentPostprocessing = 0;
		};
/* End PBXFrameworksBuildPhase section */

/* Begin PBXGroup section */
		8E4CF68C1C96DE6E008C68C9 = {
			isa = PBXGroup;
			children = (
				8E4CF6971C96DE6E008C68C9 /* GestionPiscinas */,
				8E4CF6961C96DE6E008C68C9 /* Products */,
			);
			sourceTree = "<group>";
		};
		8E4CF6961C96DE6E008C68C9 /* Products */ = {
			isa = PBXGroup;
			children = (
				8E4CF6951C96DE6E008C68C9 /* GestionPiscinas.app */,
			);
			name = Products;
			sourceTree = "<group>";
		};
		8E4CF6971C96DE6E008C68C9 /* GestionPiscinas */ = {
			isa = PBXGroup;
			children = (
				8EDDF4111C96EA24008D05FA /* Modelo */,
				8E4CF69B1C96DE6E008C68C9 /* AppDelegate.h */,
				8E4CF69C1C96DE6E008C68C9 /* AppDelegate.m */,
				8E8E67B11C96E62C000B04A8 /* PiscinasViewController.h */,
				8E8E67B21C96E62C000B04A8 /* PiscinasViewController.m */,
				8EC283091C96E8F4006A242D /* MedicionesViewController.h */,
				8EC2830A1C96E8F4006A242D /* MedicionesViewController.m */,
				8EF3C0AB1CBD6B87007A23D8 /* ParametrosMedicionViewController.h */,
				8EF3C0AC1CBD6B87007A23D8 /* ParametrosMedicionViewController.m */,
				8E4CF6A11C96DE6E008C68C9 /* Main.storyboard */,
				8E4CF6A41C96DE6E008C68C9 /* Assets.xcassets */,
				8E4CF6A61C96DE6E008C68C9 /* LaunchScreen.storyboard */,
				8E4CF6A91C96DE6E008C68C9 /* Info.plist */,
				8E4CF6981C96DE6E008C68C9 /* Supporting Files */,
			);
			path = GestionPiscinas;
			sourceTree = "<group>";
		};
		8E4CF6981C96DE6E008C68C9 /* Supporting Files */ = {
			isa = PBXGroup;
			children = (
				8E4CF6991C96DE6E008C68C9 /* main.m */,
			);
			name = "Supporting Files";
			sourceTree = "<group>";
		};
		8E5229461C96F3B9006C8B4D /* DataSources */ = {
			isa = PBXGroup;
			children = (
				8E5229451C96F2AB006C8B4D /* DataSource.h */,
				8EEE137C1C96F47700994840 /* LocalMemoryDataSource.h */,
				8EEE137D1C96F47700994840 /* LocalMemoryDataSource.m */,
				8E6CF9FF1CA946D50073CD65 /* PlistDataSource.h */,
				8E6CFA001CA946D50073CD65 /* PlistDataSource.m */,
			);
			name = DataSources;
			sourceTree = "<group>";
		};
		8EDDF4111C96EA24008D05FA /* Modelo */ = {
			isa = PBXGroup;
			children = (
				8E5229461C96F3B9006C8B4D /* DataSources */,
				8EFD34CD1C9ADB3000DEC0E4 /* Repository.h */,
				8EFD34CE1C9ADB3000DEC0E4 /* Repository.m */,
				8EDDF4121C96EA55008D05FA /* Piscina.h */,
				8EDDF4131C96EA55008D05FA /* Piscina.m */,
				8EDDF4151C96EB13008D05FA /* Medicion.h */,
				8EDDF4161C96EB13008D05FA /* Medicion.m */,
				8EDDF4181C96EB8B008D05FA /* ParametrosMedicion.h */,
				8EDDF4191C96EB8B008D05FA /* ParametrosMedicion.m */,
			);
			name = Modelo;
			sourceTree = "<group>";
		};
/* End PBXGroup section */

/* Begin PBXNativeTarget section */
		8E4CF6941C96DE6E008C68C9 /* GestionPiscinas */ = {
			isa = PBXNativeTarget;
			buildConfigurationList = 8E4CF6AC1C96DE6E008C68C9 /* Build configuration list for PBXNativeTarget "GestionPiscinas" */;
			buildPhases = (
				8E4CF6911C96DE6E008C68C9 /* Sources */,
				8E4CF6921C96DE6E008C68C9 /* Frameworks */,
				8E4CF6931C96DE6E008C68C9 /* Resources */,
			);
			buildRules = (
			);
			dependencies = (
			);
			name = GestionPiscinas;
			productName = GestionPiscinas;
			productReference = 8E4CF6951C96DE6E008C68C9 /* GestionPiscinas.app */;
			productType = "com.apple.product-type.application";
		};
/* End PBXNativeTarget section */

/* Begin PBXProject section */
		8E4CF68D1C96DE6E008C68C9 /* Project object */ = {
			isa = PBXProject;
			attributes = {
				LastUpgradeCheck = 0720;
				ORGANIZATIONNAME = "Carlos Rodríguez Domínguez";
				TargetAttributes = {
					8E4CF6941C96DE6E008C68C9 = {
						CreatedOnToolsVersion = 7.2.1;
					};
				};
			};
			buildConfigurationList = 8E4CF6901C96DE6E008C68C9 /* Build configuration list for PBXProject "GestionPiscinas" */;
			compatibilityVersion = "Xcode 3.2";
			developmentRegion = English;
			hasScannedForEncodings = 0;
			knownRegions = (
				en,
				Base,
			);
			mainGroup = 8E4CF68C1C96DE6E008C68C9;
			productRefGroup = 8E4CF6961C96DE6E008C68C9 /* Products */;
			projectDirPath = "";
			projectRoot = "";
			targets = (
				8E4CF6941C96DE6E008C68C9 /* GestionPiscinas */,
			);
		};
/* End PBXProject section */

/* Begin PBXResourcesBuildPhase section */
		8E4CF6931C96DE6E008C68C9 /* Resources */ = {
			isa = PBXResourcesBuildPhase;
			buildActionMask = 2147483647;
			files = (
				8E4CF6A81C96DE6E008C68C9 /* LaunchScreen.storyboard in Resources */,
				8E4CF6A51C96DE6E008C68C9 /* Assets.xcassets in Resources */,
				8E4CF6A31C96DE6E008C68C9 /* Main.storyboard in Resources */,
			);
			runOnlyForDeploymentPostprocessing = 0;
		};
/* End PBXResourcesBuildPhase section */

/* Begin PBXSourcesBuildPhase section */
		8E4CF6911C96DE6E008C68C9 /* Sources */ = {
			isa = PBXSourcesBuildPhase;
			buildActionMask = 2147483647;
			files = (
				8EC2830B1C96E8F4006A242D /* MedicionesViewController.m in Sources */,
				8EEE137E1C96F47700994840 /* LocalMemoryDataSource.m in Sources */,
				8EDDF41A1C96EB8B008D05FA /* ParametrosMedicion.m in Sources */,
				8EDDF4141C96EA55008D05FA /* Piscina.m in Sources */,
				8E4CF69D1C96DE6E008C68C9 /* AppDelegate.m in Sources */,
				8E4CF69A1C96DE6E008C68C9 /* main.m in Sources */,
				8E8E67B31C96E62C000B04A8 /* PiscinasViewController.m in Sources */,
				8E6CFA011CA946D50073CD65 /* PlistDataSource.m in Sources */,
				8EFD34CF1C9ADB3000DEC0E4 /* Repository.m in Sources */,
				8EF3C0AD1CBD6B87007A23D8 /* ParametrosMedicionViewController.m in Sources */,
				8EDDF4171C96EB13008D05FA /* Medicion.m in Sources */,
			);
			runOnlyForDeploymentPostprocessing = 0;
		};
/* End PBXSourcesBuildPhase section */

/* Begin PBXVariantGroup section */
		8E4CF6A11C96DE6E008C68C9 /* Main.storyboard */ = {
			isa = PBXVariantGroup;
			children = (
				8E4CF6A21C96DE6E008C68C9 /* Base */,
			);
			name = Main.storyboard;
			sourceTree = "<group>";
		};
		8E4CF6A61C96DE6E008C68C9 /* LaunchScreen.storyboard */ = {
			isa = PBXVariantGroup;
			children = (
				8E4CF6A71C96DE6E008C68C9 /* Base */,
			);
			name = LaunchScreen.storyboard;
			sourceTree = "<group>";
		};
/* End PBXVariantGroup section */

/* Begin XCBuildConfiguration section */
		8E4CF6AA1C96DE6E008C68C9 /* Debug */ = {
			isa = XCBuildConfiguration;
			buildSettings = {
				ALWAYS_SEARCH_USER_PATHS = NO;
				CLANG_CXX_LANGUAGE_STANDARD = "gnu++0x";
				CLANG_CXX_LIBRARY = "libc++";
				CLANG_ENABLE_MODULES = YES;
				CLANG_ENABLE_OBJC_ARC = YES;
				CLANG_WARN_BOOL_CONVERSION = YES;
				CLANG_WARN_CONSTANT_CONVERSION = YES;
				CLANG_WARN_DIRECT_OBJC_ISA_USAGE = YES_ERROR;
				CLANG_WARN_EMPTY_BODY = YES;
				CLANG_WARN_ENUM_CONVERSION = YES;
				CLANG_WARN_INT_CONVERSION = YES;
				CLANG_WARN_OBJC_ROOT_CLASS = YES_ERROR;
				CLANG_WARN_UNREACHABLE_CODE = YES;
				CLANG_WARN__DUPLICATE_METHOD_MATCH = YES;
				"CODE_SIGN_IDENTITY[sdk=iphoneos*]" = "iPhone Developer";
				COPY_PHASE_STRIP = NO;
				DEBUG_INFORMATION_FORMAT = dwarf;
				ENABLE_STRICT_OBJC_MSGSEND = YES;
				ENABLE_TESTABILITY = YES;
				GCC_C_LANGUAGE_STANDARD = gnu99;
				GCC_DYNAMIC_NO_PIC = NO;
				GCC_NO_COMMON_BLOCKS = YES;
				GCC_OPTIMIZATION_LEVEL = 0;
				GCC_PREPROCESSOR_DEFINITIONS = (
					"DEBUG=1",
					"$(inherited)",
				);
				GCC_WARN_64_TO_32_BIT_CONVERSION = YES;
				GCC_WARN_ABOUT_RETURN_TYPE = YES_ERROR;
				GCC_WARN_UNDECLARED_SELECTOR = YES;
				GCC_WARN_UNINITIALIZED_AUTOS = YES_AGGRESSIVE;
				GCC_WARN_UNUSED_FUNCTION = YES;
				GCC_WARN_UNUSED_VARIABLE = YES;
				IPHONEOS_DEPLOYMENT_TARGET = 9.2;
				MTL_ENABLE_DEBUG_INFO = YES;
				ONLY_ACTIVE_ARCH = YES;
				SDKROOT = iphoneos;
				TARGETED_DEVICE_FAMILY = "1,2";
			};
			name = Debug;
		};
		8E4CF6AB1C96DE6E008C68C9 /* Release */ = {
			isa = XCBuildConfiguration;
			buildSettings = {
				ALWAYS_SEARCH_USER_PATHS = NO;
				CLANG_CXX_LANGUAGE_STANDARD = "gnu++0x";
				CLANG_CXX_LIBRARY = "libc++";
				CLANG_ENABLE_MODULES = YES;
				CLANG_ENABLE_OBJC_ARC = YES;
				CLANG_WARN_BOOL_CONVERSION = YES;
				CLANG_WARN_CONSTANT_CONVERSION = YES;
				CLANG_WARN_DIRECT_OBJC_ISA_USAGE = YES_ERROR;
				CLANG_WARN_EMPTY_BODY = YES;
				CLANG_WARN_ENUM_CONVERSION = YES;
				CLANG_WARN_INT_CONVERSION = YES;
				CLANG_WARN_OBJC_ROOT_CLASS = YES_ERROR;
				CLANG_WARN_UNREACHABLE_CODE = YES;
				CLANG_WARN__DUPLICATE_METHOD_MATCH = YES;
				"CODE_SIGN_IDENTITY[sdk=iphoneos*]" = "iPhone Developer";
				COPY_PHASE_STRIP = NO;
				DEBUG_INFORMATION_FORMAT = "dwarf-with-dsym";
				ENABLE_NS_ASSERTIONS = NO;
				ENABLE_STRICT_OBJC_MSGSEND = YES;
				GCC_C_LANGUAGE_STANDARD = gnu99;
				GCC_NO_COMMON_BLOCKS = YES;
				GCC_WARN_64_TO_32_BIT_CONVERSION = YES;
				GCC_WARN_ABOUT_RETURN_TYPE = YES_ERROR;
				GCC_WARN_UNDECLARED_SELECTOR = YES;
				GCC_WARN_UNINITIALIZED_AUTOS = YES_AGGRESSIVE;
				GCC_WARN_UNUSED_FUNCTION = YES;
				GCC_WARN_UNUSED_VARIABLE = YES;
				IPHONEOS_DEPLOYMENT_TARGET = 9.2;
				MTL_ENABLE_DEBUG_INFO = NO;
				SDKROOT = iphoneos;
				TARGETED_DEVICE_FAMILY = "1,2";
				VALIDATE_PRODUCT = YES;
			};
			name = Release;
		};
		8E4CF6AD1C96DE6E008C68C9 /* Debug */ = {
			isa = XCBuildConfiguration;
			buildSettings = {
				ASSETCATALOG_COMPILER_APPICON_NAME = AppIcon;
				INFOPLIST_FILE = GestionPiscinas/Info.plist;
				LD_RUNPATH_SEARCH_PATHS = "$(inherited) @executable_path/Frameworks";
				PRODUCT_BUNDLE_IDENTIFIER = es.everywaretech.GestionPiscinas;
				PRODUCT_NAME = "$(TARGET_NAME)";
			};
			name = Debug;
		};
		8E4CF6AE1C96DE6E008C68C9 /* Release */ = {
			isa = XCBuildConfiguration;
			buildSettings = {
				ASSETCATALOG_COMPILER_APPICON_NAME = AppIcon;
				INFOPLIST_FILE = GestionPiscinas/Info.plist;
				LD_RUNPATH_SEARCH_PATHS = "$(inherited) @executable_path/Frameworks";
				PRODUCT_BUNDLE_IDENTIFIER = es.everywaretech.GestionPiscinas;
				PRODUCT_NAME = "$(TARGET_NAME)";
			};
			name = Release;
		};
/* End XCBuildConfiguration section */

/* Begin XCConfigurationList section */
		8E4CF6901C96DE6E008C68C9 /* Build configuration list for PBXProject "GestionPiscinas" */ = {
			isa = XCConfigurationList;
			buildConfigurations = (
				8E4CF6AA1C96DE6E008C68C9 /* Debug */,
				8E4CF6AB1C96DE6E008C68C9 /* Release */,
			);
			defaultConfigurationIsVisible = 0;
			defaultConfigurationName = Release;
		};
		8E4CF6AC1C96DE6E008C68C9 /* Build configuration list for PBXNativeTarget "GestionPiscinas" */ = {
			isa = XCConfigurationList;
			buildConfigurations = (
				8E4CF6AD1C96DE6E008C68C9 /* Debug */,
				8E4CF6AE1C96DE6E008C68C9 /* Release */,
			);
			defaultConfigurationIsVisible = 0;
			defaultConfigurationName = Release;
		};
/* End XCConfigurationList section */
	};
	rootObject = 8E4CF68D1C96DE6E008C68C9 /* Project object */;
}
